
Microsoft Visual Studio Solution File, Format Version 12.00
# Visual Studio Version 17
VisualStudioVersion = 17.1.32210.238
MinimumVisualStudioVersion = 10.0.40219.1
Project("{FAE04EC0-301F-11D3-BF4B-00C04F79EFBC}") = "PickACardUI", "PickACardUI\PickACardUI.csproj", "{8496E420-878C-4C70-937C-A6DCC1213C1C}"
EndProject
Global
	GlobalSection(SolutionConfigurationPlatforms) = preSolution
		Debug|Any CPU = Debug|Any CPU
		Release|Any CPU = Release|Any CPU
	EndGlobalSection
	GlobalSection(ProjectConfigurationPlatforms) = postSolution
		{8496E420-878C-4C70-937C-A6DCC1213C1C}.Debug|Any CPU.ActiveCfg = Debug|Any CPU
		{8496E420-878C-4C70-937C-A6DCC1213C1C}.Debug|Any CPU.Build.0 = Debug|Any CPU
		{8496E420-878C-4C70-937C-A6DCC1213C1C}.Release|Any CPU.ActiveCfg = Release|Any CPU
		{8496E420-878C-4C70-937C-A6DCC1213C1C}.Release|Any CPU.Build.0 = Release|Any CPU
	EndGlobalSection
	GlobalSection(SolutionProperties) = preSolution
		HideSolutionNode = FALSE
	EndGlobalSection
	GlobalSection(ExtensibilityGlobals) = postSolution
		SolutionGuid = {02664F73-A315-46E3-89F2-E926D5E75028}
	EndGlobalSection
EndGlobal
